
Microsoft Visual Studio Solution File, Format Version 12.00
# Visual Studio 14
VisualStudioVersion = 14.0.25420.1
MinimumVisualStudioVersion = 10.0.40219.1
Project("{FAE04EC0-301F-11D3-BF4B-00C04F79EFBC}") = "Ressurection", "Ressurection\Ressurection.csproj", "{8D7533CF-9841-4257-BBA3-C03B0FE116A0}"
EndProject
Project("{FAE04EC0-301F-11D3-BF4B-00C04F79EFBC}") = "Ressurection2", "Ressurection2\Ressurection2.csproj", "{DCC3BA2A-9668-4558-8DB5-2473801D4893}"
EndProject
Global
	GlobalSection(SolutionConfigurationPlatforms) = preSolution
		Debug|Any CPU = Debug|Any CPU
		Release|Any CPU = Release|Any CPU
	EndGlobalSection
	GlobalSection(ProjectConfigurationPlatforms) = postSolution
		{8D7533CF-9841-4257-BBA3-C03B0FE116A0}.Debug|Any CPU.ActiveCfg = Debug|Any CPU
		{8D7533CF-9841-4257-BBA3-C03B0FE116A0}.Debug|Any CPU.Build.0 = Debug|Any CPU
		{8D7533CF-9841-4257-BBA3-C03B0FE116A0}.Release|Any CPU.ActiveCfg = Release|Any CPU
		{8D7533CF-9841-4257-BBA3-C03B0FE116A0}.Release|Any CPU.Build.0 = Release|Any CPU
		{DCC3BA2A-9668-4558-8DB5-2473801D4893}.Debug|Any CPU.ActiveCfg = Debug|Any CPU
		{DCC3BA2A-9668-4558-8DB5-2473801D4893}.Debug|Any CPU.Build.0 = Debug|Any CPU
		{DCC3BA2A-9668-4558-8DB5-2473801D4893}.Release|Any CPU.ActiveCfg = Release|Any CPU
		{DCC3BA2A-9668-4558-8DB5-2473801D4893}.Release|Any CPU.Build.0 = Release|Any CPU
	EndGlobalSection
	GlobalSection(SolutionProperties) = preSolution
		HideSolutionNode = FALSE
	EndGlobalSection
EndGlobal
